# This file is automatically @generated by Cargo.
# It is not intended for manual editing.
version = 3

[[package]]
name = "abstract_integers"
version = "0.1.5"
source = "git+https://github.com/hacspec/hacspec#709a1c89df4a47a3607ea055df53c243c72a5a5a"
dependencies = [
 "num",
 "num-bigint",
]

[[package]]
name = "addr2line"
version = "0.17.0"
source = "registry+https://github.com/rust-lang/crates.io-index"
checksum = "b9ecd88a8c8378ca913a680cd98f0f13ac67383d35993f86c90a70e3f137816b"
dependencies = [
 "gimli",
]

[[package]]
name = "adler"
version = "1.0.2"
source = "registry+https://github.com/rust-lang/crates.io-index"
checksum = "f26201604c87b1e01bd3d98f8d5d9a8fcbb815e8cedb41ffccbeb4bf593a35fe"

[[package]]
name = "autocfg"
version = "1.1.0"
source = "registry+https://github.com/rust-lang/crates.io-index"
checksum = "d468802bab17cbc0cc575e9b053f41e72aa36bfa6b7f55e3529ffa43161b97fa"

[[package]]
name = "backtrace"
version = "0.3.66"
source = "registry+https://github.com/rust-lang/crates.io-index"
checksum = "cab84319d616cfb654d03394f38ab7e6f0919e181b1b57e1fd15e7fb4077d9a7"
dependencies = [
 "addr2line",
 "cc",
 "cfg-if",
 "libc",
 "miniz_oxide",
 "object",
 "rustc-demangle",
]

[[package]]
name = "bitflags"
version = "1.3.2"
source = "registry+https://github.com/rust-lang/crates.io-index"
checksum = "bef38d45163c2f1dde094a7dfd33ccf595c92905c8f8f4fdc18d06fb1037718a"

[[package]]
name = "cc"
version = "1.0.73"
source = "registry+https://github.com/rust-lang/crates.io-index"
checksum = "2fff2a6927b3bb87f9595d67196a70493f627687a71d87a0d692242c33f58c11"

[[package]]
name = "cfg-if"
version = "1.0.0"
source = "registry+https://github.com/rust-lang/crates.io-index"
checksum = "baf1de4339761588bc0619e3cbc0120ee582ebb74b53b4efbf79117bd2da40fd"

[[package]]
name = "getrandom"
version = "0.2.7"
source = "registry+https://github.com/rust-lang/crates.io-index"
checksum = "4eb1a864a501629691edf6c15a593b7a51eebaa1e8468e9ddc623de7c9b58ec6"
dependencies = [
 "cfg-if",
 "libc",
 "wasi",
]

[[package]]
name = "gimli"
version = "0.26.1"
source = "registry+https://github.com/rust-lang/crates.io-index"
checksum = "78cc372d058dcf6d5ecd98510e7fbc9e5aec4d21de70f65fea8fecebcd881bd4"

[[package]]
name = "hacspec-aes"
version = "0.1.0"
source = "git+https://github.com/hacspec/hacspec#709a1c89df4a47a3607ea055df53c243c72a5a5a"
dependencies = [
 "hacspec-lib",
]

[[package]]
name = "hacspec-aes128-gcm"
version = "0.1.0"
source = "git+https://github.com/hacspec/hacspec#709a1c89df4a47a3607ea055df53c243c72a5a5a"
dependencies = [
 "hacspec-aes",
 "hacspec-gf128",
 "hacspec-lib",
]

[[package]]
name = "hacspec-chacha20"
version = "0.1.0"
source = "git+https://github.com/hacspec/hacspec#709a1c89df4a47a3607ea055df53c243c72a5a5a"
dependencies = [
 "hacspec-lib",
]

[[package]]
name = "hacspec-chacha20poly1305"
version = "0.1.0"
source = "git+https://github.com/hacspec/hacspec#709a1c89df4a47a3607ea055df53c243c72a5a5a"
dependencies = [
 "hacspec-chacha20",
 "hacspec-lib",
 "hacspec-poly1305",
]

[[package]]
name = "hacspec-curve25519"
version = "0.1.0"
source = "git+https://github.com/hacspec/hacspec#709a1c89df4a47a3607ea055df53c243c72a5a5a"
dependencies = [
 "hacspec-lib",
]

[[package]]
name = "hacspec-derive"
version = "0.1.0"
source = "git+https://github.com/hacspec/hacspec#709a1c89df4a47a3607ea055df53c243c72a5a5a"
dependencies = [
 "hacspec-lib",
 "proc-macro2",
 "quote",
 "syn",
]

[[package]]
name = "hacspec-ecdsa-p256-sha256"
version = "0.1.0"
source = "git+https://github.com/hacspec/hacspec#709a1c89df4a47a3607ea055df53c243c72a5a5a"
dependencies = [
 "hacspec-lib",
 "hacspec-p256",
 "hacspec-sha256",
]

[[package]]
name = "hacspec-gf128"
version = "0.1.0"
source = "git+https://github.com/hacspec/hacspec#709a1c89df4a47a3607ea055df53c243c72a5a5a"
dependencies = [
 "hacspec-lib",
]

[[package]]
name = "hacspec-hkdf"
version = "0.1.0"
source = "git+https://github.com/hacspec/hacspec#709a1c89df4a47a3607ea055df53c243c72a5a5a"
dependencies = [
 "hacspec-hmac",
 "hacspec-lib",
 "hacspec-sha256",
]

[[package]]
name = "hacspec-hmac"
version = "0.1.0"
source = "git+https://github.com/hacspec/hacspec#709a1c89df4a47a3607ea055df53c243c72a5a5a"
dependencies = [
 "hacspec-lib",
 "hacspec-sha256",
]

[[package]]
name = "hacspec-lib"
version = "0.1.0-beta.1"
source = "git+https://github.com/hacspec/hacspec#709a1c89df4a47a3607ea055df53c243c72a5a5a"
dependencies = [
 "abstract_integers",
 "num",
 "secret_integers",
]

[[package]]
name = "hacspec-p256"
version = "0.1.0"
source = "git+https://github.com/hacspec/hacspec#709a1c89df4a47a3607ea055df53c243c72a5a5a"
dependencies = [
 "backtrace",
 "hacspec-lib",
]

[[package]]
name = "hacspec-poly1305"
version = "0.1.0"
source = "git+https://github.com/hacspec/hacspec#709a1c89df4a47a3607ea055df53c243c72a5a5a"
dependencies = [
 "hacspec-lib",
]

[[package]]
name = "hacspec-sha256"
version = "0.1.0"
source = "git+https://github.com/hacspec/hacspec#709a1c89df4a47a3607ea055df53c243c72a5a5a"
dependencies = [
 "abstract_integers",
 "hacspec-derive",
 "hacspec-lib",
 "secret_integers",
]

[[package]]
name = "hacspec_cryptolib"
version = "0.1.0"
source = "git+https://github.com/cryspen/hpke-spec#65bc3a6356c3d94c15cd5048ac41faa41b3c92ea"
dependencies = [
 "hacspec-aes",
 "hacspec-aes128-gcm",
 "hacspec-chacha20",
 "hacspec-chacha20poly1305",
 "hacspec-curve25519",
 "hacspec-ecdsa-p256-sha256",
 "hacspec-gf128",
 "hacspec-hkdf",
 "hacspec-hmac",
 "hacspec-lib",
 "hacspec-p256",
 "hacspec-poly1305",
 "hacspec-sha256",
]

[[package]]
name = "hpke"
version = "0.1.0"
source = "git+https://github.com/cryspen/hpke-spec#65bc3a6356c3d94c15cd5048ac41faa41b3c92ea"
dependencies = [
 "hacspec-lib",
 "hpke_aead",
 "hpke_errors",
 "hpke_kdf",
 "hpke_kem",
]

[[package]]
name = "hpke_aead"
version = "0.1.0"
source = "git+https://github.com/cryspen/hpke-spec#65bc3a6356c3d94c15cd5048ac41faa41b3c92ea"
dependencies = [
 "hacspec-lib",
 "hacspec_cryptolib",
 "hpke_errors",
]

[[package]]
name = "hpke_errors"
version = "0.1.0"
source = "git+https://github.com/cryspen/hpke-spec#65bc3a6356c3d94c15cd5048ac41faa41b3c92ea"
dependencies = [
 "hacspec-lib",
]

[[package]]
name = "hpke_kdf"
version = "0.1.0"
source = "git+https://github.com/cryspen/hpke-spec#65bc3a6356c3d94c15cd5048ac41faa41b3c92ea"
dependencies = [
 "hacspec-lib",
 "hacspec_cryptolib",
 "hpke_errors",
]

[[package]]
name = "hpke_kem"
version = "0.1.0"
source = "git+https://github.com/cryspen/hpke-spec#65bc3a6356c3d94c15cd5048ac41faa41b3c92ea"
dependencies = [
 "hacspec-lib",
 "hacspec_cryptolib",
 "hpke_errors",
 "hpke_kdf",
]

[[package]]
name = "hpke_spec"
version = "0.1.0"
dependencies = [
 "hacspec-lib",
 "hpke",
 "hpke_aead",
 "hpke_errors",
 "hpke_kdf",
 "hpke_kem",
 "pyo3",
 "rand",
]

[[package]]
name = "indoc"
version = "1.0.6"
source = "registry+https://github.com/rust-lang/crates.io-index"
checksum = "05a0bd019339e5d968b37855180087b7b9d512c5046fbd244cf8c95687927d6e"

[[package]]
name = "libc"
version = "0.2.126"
source = "registry+https://github.com/rust-lang/crates.io-index"
checksum = "349d5a591cd28b49e1d1037471617a32ddcda5731b99419008085f72d5a53836"

[[package]]
name = "lock_api"
version = "0.4.7"
source = "registry+https://github.com/rust-lang/crates.io-index"
checksum = "327fa5b6a6940e4699ec49a9beae1ea4845c6bab9314e4f84ac68742139d8c53"
dependencies = [
 "autocfg",
 "scopeguard",
]

[[package]]
name = "memchr"
version = "2.5.0"
source = "registry+https://github.com/rust-lang/crates.io-index"
checksum = "2dffe52ecf27772e601905b7522cb4ef790d2cc203488bbd0e2fe85fcb74566d"

[[package]]
name = "miniz_oxide"
version = "0.5.3"
source = "registry+https://github.com/rust-lang/crates.io-index"
checksum = "6f5c75688da582b8ffc1f1799e9db273f32133c49e048f614d22ec3256773ccc"
dependencies = [
 "adler",
]

[[package]]
name = "num"
version = "0.4.0"
source = "registry+https://github.com/rust-lang/crates.io-index"
checksum = "43db66d1170d347f9a065114077f7dccb00c1b9478c89384490a3425279a4606"
dependencies = [
 "num-bigint",
 "num-complex",
 "num-integer",
 "num-iter",
 "num-rational",
 "num-traits",
]

[[package]]
name = "num-bigint"
version = "0.4.3"
source = "registry+https://github.com/rust-lang/crates.io-index"
checksum = "f93ab6289c7b344a8a9f60f88d80aa20032336fe78da341afc91c8a2341fc75f"
dependencies = [
 "autocfg",
 "num-integer",
 "num-traits",
]

[[package]]
name = "num-complex"
version = "0.4.2"
source = "registry+https://github.com/rust-lang/crates.io-index"
checksum = "7ae39348c8bc5fbd7f40c727a9925f03517afd2ab27d46702108b6a7e5414c19"
dependencies = [
 "num-traits",
]

[[package]]
name = "num-integer"
version = "0.1.45"
source = "registry+https://github.com/rust-lang/crates.io-index"
checksum = "225d3389fb3509a24c93f5c29eb6bde2586b98d9f016636dff58d7c6f7569cd9"
dependencies = [
 "autocfg",
 "num-traits",
]

[[package]]
name = "num-iter"
version = "0.1.43"
source = "registry+https://github.com/rust-lang/crates.io-index"
checksum = "7d03e6c028c5dc5cac6e2dec0efda81fc887605bb3d884578bb6d6bf7514e252"
dependencies = [
 "autocfg",
 "num-integer",
 "num-traits",
]

[[package]]
name = "num-rational"
version = "0.4.1"
source = "registry+https://github.com/rust-lang/crates.io-index"
checksum = "0638a1c9d0a3c0914158145bc76cff373a75a627e6ecbfb71cbe6f453a5a19b0"
dependencies = [
 "autocfg",
 "num-bigint",
 "num-integer",
 "num-traits",
]

[[package]]
name = "num-traits"
version = "0.2.15"
source = "registry+https://github.com/rust-lang/crates.io-index"
checksum = "578ede34cf02f8924ab9447f50c28075b4d3e5b269972345e7e0372b38c6cdcd"
dependencies = [
 "autocfg",
]

[[package]]
name = "object"
version = "0.29.0"
source = "registry+https://github.com/rust-lang/crates.io-index"
checksum = "21158b2c33aa6d4561f1c0a6ea283ca92bc54802a93b263e910746d679a7eb53"
dependencies = [
 "memchr",
]

[[package]]
name = "once_cell"
version = "1.13.0"
source = "registry+https://github.com/rust-lang/crates.io-index"
checksum = "18a6dbe30758c9f83eb00cbea4ac95966305f5a7772f3f42ebfc7fc7eddbd8e1"

[[package]]
name = "parking_lot"
version = "0.12.1"
source = "registry+https://github.com/rust-lang/crates.io-index"
checksum = "3742b2c103b9f06bc9fff0a37ff4912935851bee6d36f3c02bcc755bcfec228f"
dependencies = [
 "lock_api",
 "parking_lot_core",
]

[[package]]
name = "parking_lot_core"
version = "0.9.3"
source = "registry+https://github.com/rust-lang/crates.io-index"
checksum = "09a279cbf25cb0757810394fbc1e359949b59e348145c643a939a525692e6929"
dependencies = [
 "cfg-if",
 "libc",
 "redox_syscall",
 "smallvec",
 "windows-sys",
]

[[package]]
name = "ppv-lite86"
version = "0.2.16"
source = "registry+https://github.com/rust-lang/crates.io-index"
checksum = "eb9f9e6e233e5c4a35559a617bf40a4ec447db2e84c20b55a6f83167b7e57872"

[[package]]
name = "proc-macro2"
version = "1.0.40"
source = "registry+https://github.com/rust-lang/crates.io-index"
checksum = "dd96a1e8ed2596c337f8eae5f24924ec83f5ad5ab21ea8e455d3566c69fbcaf7"
dependencies = [
 "unicode-ident",
]

[[package]]
name = "pyo3"
version = "0.16.5"
source = "registry+https://github.com/rust-lang/crates.io-index"
checksum = "1e6302e85060011447471887705bb7838f14aba43fcb06957d823739a496b3dc"
dependencies = [
 "cfg-if",
 "indoc",
 "libc",
 "parking_lot",
 "pyo3-build-config",
 "pyo3-ffi",
 "pyo3-macros",
 "unindent",
]

[[package]]
name = "pyo3-build-config"
version = "0.16.5"
source = "registry+https://github.com/rust-lang/crates.io-index"
checksum = "b5b65b546c35d8a3b1b2f0ddbac7c6a569d759f357f2b9df884f5d6b719152c8"
dependencies = [
 "once_cell",
 "target-lexicon",
]

[[package]]
name = "pyo3-ffi"
version = "0.16.5"
source = "registry+https://github.com/rust-lang/crates.io-index"
checksum = "c275a07127c1aca33031a563e384ffdd485aee34ef131116fcd58e3430d1742b"
dependencies = [
 "libc",
 "pyo3-build-config",
]

[[package]]
name = "pyo3-macros"
version = "0.16.5"
source = "registry+https://github.com/rust-lang/crates.io-index"
checksum = "284fc4485bfbcc9850a6d661d627783f18d19c2ab55880b021671c4ba83e90f7"
dependencies = [
 "proc-macro2",
 "pyo3-macros-backend",
 "quote",
 "syn",
]

[[package]]
name = "pyo3-macros-backend"
version = "0.16.5"
source = "registry+https://github.com/rust-lang/crates.io-index"
checksum = "53bda0f58f73f5c5429693c96ed57f7abdb38fdfc28ae06da4101a257adb7faf"
dependencies = [
 "proc-macro2",
 "quote",
 "syn",
]

[[package]]
name = "quote"
version = "1.0.20"
source = "registry+https://github.com/rust-lang/crates.io-index"
checksum = "3bcdf212e9776fbcb2d23ab029360416bb1706b1aea2d1a5ba002727cbcab804"
dependencies = [
 "proc-macro2",
]

[[package]]
name = "rand"
version = "0.8.5"
source = "registry+https://github.com/rust-lang/crates.io-index"
checksum = "34af8d1a0e25924bc5b7c43c079c942339d8f0a8b57c39049bef581b46327404"
dependencies = [
 "libc",
 "rand_chacha",
 "rand_core",
]

[[package]]
name = "rand_chacha"
version = "0.3.1"
source = "registry+https://github.com/rust-lang/crates.io-index"
checksum = "e6c10a63a0fa32252be49d21e7709d4d4baf8d231c2dbce1eaa8141b9b127d88"
dependencies = [
 "ppv-lite86",
 "rand_core",
]

[[package]]
name = "rand_core"
version = "0.6.3"
source = "registry+https://github.com/rust-lang/crates.io-index"
checksum = "d34f1408f55294453790c48b2f1ebbb1c5b4b7563eb1f418bcfcfdbb06ebb4e7"
dependencies = [
 "getrandom",
]

[[package]]
name = "redox_syscall"
version = "0.2.13"
source = "registry+https://github.com/rust-lang/crates.io-index"
checksum = "62f25bc4c7e55e0b0b7a1d43fb893f4fa1361d0abe38b9ce4f323c2adfe6ef42"
dependencies = [
 "bitflags",
]

[[package]]
name = "rustc-demangle"
version = "0.1.21"
source = "registry+https://github.com/rust-lang/crates.io-index"
checksum = "7ef03e0a2b150c7a90d01faf6254c9c48a41e95fb2a8c2ac1c6f0d2b9aefc342"

[[package]]
name = "scopeguard"
version = "1.1.0"
source = "registry+https://github.com/rust-lang/crates.io-index"
checksum = "d29ab0c6d3fc0ee92fe66e2d99f700eab17a8d57d1c1d3b748380fb20baa78cd"

[[package]]
name = "secret_integers"
version = "0.1.7"
source = "git+https://github.com/hacspec/hacspec#709a1c89df4a47a3607ea055df53c243c72a5a5a"

[[package]]
name = "smallvec"
version = "1.9.0"
source = "registry+https://github.com/rust-lang/crates.io-index"
checksum = "2fd0db749597d91ff862fd1d55ea87f7855a744a8425a64695b6fca237d1dad1"

[[package]]
name = "syn"
version = "1.0.98"
source = "registry+https://github.com/rust-lang/crates.io-index"
checksum = "c50aef8a904de4c23c788f104b7dddc7d6f79c647c7c8ce4cc8f73eb0ca773dd"
dependencies = [
 "proc-macro2",
 "quote",
 "unicode-ident",
]

[[package]]
name = "target-lexicon"
version = "0.12.4"
source = "registry+https://github.com/rust-lang/crates.io-index"
checksum = "c02424087780c9b71cc96799eaeddff35af2bc513278cda5c99fc1f5d026d3c1"

[[package]]
name = "unicode-ident"
version = "1.0.1"
source = "registry+https://github.com/rust-lang/crates.io-index"
checksum = "5bd2fe26506023ed7b5e1e315add59d6f584c621d037f9368fea9cfb988f368c"

[[package]]
name = "unindent"
version = "0.1.9"
source = "registry+https://github.com/rust-lang/crates.io-index"
checksum = "52fee519a3e570f7df377a06a1a7775cdbfb7aa460be7e08de2b1f0e69973a44"

[[package]]
name = "wasi"
version = "0.11.0+wasi-snapshot-preview1"
source = "registry+https://github.com/rust-lang/crates.io-index"
checksum = "9c8d87e72b64a3b4db28d11ce29237c246188f4f51057d65a7eab63b7987e423"

[[package]]
name = "windows-sys"
version = "0.36.1"
source = "registry+https://github.com/rust-lang/crates.io-index"
checksum = "ea04155a16a59f9eab786fe12a4a450e75cdb175f9e0d80da1e17db09f55b8d2"
dependencies = [
 "windows_aarch64_msvc",
 "windows_i686_gnu",
 "windows_i686_msvc",
 "windows_x86_64_gnu",
 "windows_x86_64_msvc",
]

[[package]]
name = "windows_aarch64_msvc"
version = "0.36.1"
source = "registry+https://github.com/rust-lang/crates.io-index"
checksum = "9bb8c3fd39ade2d67e9874ac4f3db21f0d710bee00fe7cab16949ec184eeaa47"

[[package]]
name = "windows_i686_gnu"
version = "0.36.1"
source = "registry+https://github.com/rust-lang/crates.io-index"
checksum = "180e6ccf01daf4c426b846dfc66db1fc518f074baa793aa7d9b9aaeffad6a3b6"

[[package]]
name = "windows_i686_msvc"
version = "0.36.1"
source = "registry+https://github.com/rust-lang/crates.io-index"
checksum = "e2e7917148b2812d1eeafaeb22a97e4813dfa60a3f8f78ebe204bcc88f12f024"

[[package]]
name = "windows_x86_64_gnu"
version = "0.36.1"
source = "registry+https://github.com/rust-lang/crates.io-index"
checksum = "4dcd171b8776c41b97521e5da127a2d86ad280114807d0b2ab1e462bc764d9e1"

[[package]]
name = "windows_x86_64_msvc"
version = "0.36.1"
source = "registry+https://github.com/rust-lang/crates.io-index"
checksum = "c811ca4a8c853ef420abd8592ba53ddbbac90410fab6903b3e79972a631f7680"
